
Microsoft Visual Studio Solution File, Format Version 12.00
# Visual Studio Version 17
VisualStudioVersion = 17.13.35818.85 d17.13
MinimumVisualStudioVersion = 10.0.40219.1
Project("{FAE04EC0-301F-11D3-BF4B-00C04F79EFBC}") = "SohaNotebook", "SohaNotebook\SohaNotebook.csproj", "{75E5509B-8D98-4874-8AA7-445B480CB889}"
EndProject
Global
	GlobalSection(SolutionConfigurationPlatforms) = preSolution
		Debug|Any CPU = Debug|Any CPU
		Release|Any CPU = Release|Any CPU
	EndGlobalSection
	GlobalSection(ProjectConfigurationPlatforms) = postSolution
		{75E5509B-8D98-4874-8AA7-445B480CB889}.Debug|Any CPU.ActiveCfg = Debug|Any CPU
		{75E5509B-8D98-4874-8AA7-445B480CB889}.Debug|Any CPU.Build.0 = Debug|Any CPU
		{75E5509B-8D98-4874-8AA7-445B480CB889}.Release|Any CPU.ActiveCfg = Release|Any CPU
		{75E5509B-8D98-4874-8AA7-445B480CB889}.Release|Any CPU.Build.0 = Release|Any CPU
	EndGlobalSection
	GlobalSection(SolutionProperties) = preSolution
		HideSolutionNode = FALSE
	EndGlobalSection
	GlobalSection(ExtensibilityGlobals) = postSolution
		SolutionGuid = {B493A0F7-9279-429E-BF17-850F2B4B55CD}
	EndGlobalSection
EndGlobal
